
Microsoft Visual Studio Solution File, Format Version 12.00
# Visual Studio Version 17
VisualStudioVersion = 17.7.34031.279
MinimumVisualStudioVersion = 10.0.40219.1
Project("{8BC9CEB8-8B4A-11D0-8D11-00A0C91BC942}") = "ode", "ode.vcxproj", "{3D5965FB-0176-4994-A60F-C5620CC3E7EF}"
EndProject
Global
	GlobalSection(SolutionConfigurationPlatforms) = preSolution
		Debug|x64 = Debug|x64
		Debug|x86 = Debug|x86
		Release|x64 = Release|x64
		Release|x86 = Release|x86
	EndGlobalSection
	GlobalSection(ProjectConfigurationPlatforms) = postSolution
		{3D5965FB-0176-4994-A60F-C5620CC3E7EF}.Debug|x64.ActiveCfg = Debug|x64
		{3D5965FB-0176-4994-A60F-C5620CC3E7EF}.Debug|x64.Build.0 = Debug|x64
		{3D5965FB-0176-4994-A60F-C5620CC3E7EF}.Debug|x86.ActiveCfg = Debug|Win32
		{3D5965FB-0176-4994-A60F-C5620CC3E7EF}.Debug|x86.Build.0 = Debug|Win32
		{3D5965FB-0176-4994-A60F-C5620CC3E7EF}.Release|x64.ActiveCfg = Release|x64
		{3D5965FB-0176-4994-A60F-C5620CC3E7EF}.Release|x64.Build.0 = Release|x64
		{3D5965FB-0176-4994-A60F-C5620CC3E7EF}.Release|x86.ActiveCfg = Release|Win32
		{3D5965FB-0176-4994-A60F-C5620CC3E7EF}.Release|x86.Build.0 = Release|Win32
	EndGlobalSection
	GlobalSection(SolutionProperties) = preSolution
		HideSolutionNode = FALSE
	EndGlobalSection
	GlobalSection(ExtensibilityGlobals) = postSolution
		SolutionGuid = {0E2FD98B-F613-4B25-A2D1-B7185E112609}
	EndGlobalSection
EndGlobal
